// !$*UTF8*$!
{
	archiveVersion = 1;
	classes = {
	};
	objectVersion = 46;
	objects = {

/* Begin PBXBuildFile section */
		D39842B51BCC9F0F008D51A8 /* AppDelegate.swift in Sources */ = {isa = PBXBuildFile; fileRef = D39842B41BCC9F0F008D51A8 /* AppDelegate.swift */; };
		D39842B71BCC9F0F008D51A8 /* ViewController.swift in Sources */ = {isa = PBXBuildFile; fileRef = D39842B61BCC9F0F008D51A8 /* ViewController.swift */; };
		D39842BA1BCC9F0F008D51A8 /* Main.storyboard in Resources */ = {isa = PBXBuildFile; fileRef = D39842B81BCC9F0F008D51A8 /* Main.storyboard */; };
		D39842BC1BCC9F0F008D51A8 /* Assets.xcassets in Resources */ = {isa = PBXBuildFile; fileRef = D39842BB1BCC9F0F008D51A8 /* Assets.xcassets */; };
		D39842BF1BCC9F0F008D51A8 /* LaunchScreen.storyboard in Resources */ = {isa = PBXBuildFile; fileRef = D39842BD1BCC9F0F008D51A8 /* LaunchScreen.storyboard */; };
		D39842CA1BCC9F0F008D51A8 /* BeerIsGreatTests.swift in Sources */ = {isa = PBXBuildFile; fileRef = D39842C91BCC9F0F008D51A8 /* BeerIsGreatTests.swift */; };
		D39842D51BCC9F0F008D51A8 /* BeerIsGreatUITests.swift in Sources */ = {isa = PBXBuildFile; fileRef = D39842D41BCC9F0F008D51A8 /* BeerIsGreatUITests.swift */; };
/* End PBXBuildFile section */

/* Begin PBXContainerItemProxy section */
		D39842C61BCC9F0F008D51A8 /* PBXContainerItemProxy */ = {
			isa = PBXContainerItemProxy;
			containerPortal = D39842A91BCC9F0F008D51A8 /* Project object */;
			proxyType = 1;
			remoteGlobalIDString = D39842B01BCC9F0F008D51A8;
			remoteInfo = BeerIsGreat;
		};
		D39842D11BCC9F0F008D51A8 /* PBXContainerItemProxy */ = {
			isa = PBXContainerItemProxy;
			containerPortal = D39842A91BCC9F0F008D51A8 /* Project object */;
			proxyType = 1;
			remoteGlobalIDString = D39842B01BCC9F0F008D51A8;
			remoteInfo = BeerIsGreat;
		};
/* End PBXContainerItemProxy section */

/* Begin PBXFileReference section */
		D39842B11BCC9F0F008D51A8 /* BeerIsGreat.app */ = {isa = PBXFileReference; explicitFileType = wrapper.application; includeInIndex = 0; path = BeerIsGreat.app; sourceTree = BUILT_PRODUCTS_DIR; };
		D39842B41BCC9F0F008D51A8 /* AppDelegate.swift */ = {isa = PBXFileReference; lastKnownFileType = sourcecode.swift; path = AppDelegate.swift; sourceTree = "<group>"; };
		D39842B61BCC9F0F008D51A8 /* ViewController.swift */ = {isa = PBXFileReference; lastKnownFileType = sourcecode.swift; path = ViewController.swift; sourceTree = "<group>"; };
		D39842B91BCC9F0F008D51A8 /* Base */ = {isa = PBXFileReference; lastKnownFileType = file.storyboard; name = Base; path = Base.lproj/Main.storyboard; sourceTree = "<group>"; };
		D39842BB1BCC9F0F008D51A8 /* Assets.xcassets */ = {isa = PBXFileReference; lastKnownFileType = folder.assetcatalog; path = Assets.xcassets; sourceTree = "<group>"; };
		D39842BE1BCC9F0F008D51A8 /* Base */ = {isa = PBXFileReference; lastKnownFileType = file.storyboard; name = Base; path = Base.lproj/LaunchScreen.storyboard; sourceTree = "<group>"; };
		D39842C01BCC9F0F008D51A8 /* Info.plist */ = {isa = PBXFileReference; lastKnownFileType = text.plist.xml; path = Info.plist; sourceTree = "<group>"; };
		D39842C51BCC9F0F008D51A8 /* BeerIsGreatTests.xctest */ = {isa = PBXFileReference; explicitFileType = wrapper.cfbundle; includeInIndex = 0; path = BeerIsGreatTests.xctest; sourceTree = BUILT_PRODUCTS_DIR; };
		D39842C91BCC9F0F008D51A8 /* BeerIsGreatTests.swift */ = {isa = PBXFileReference; lastKnownFileType = sourcecode.swift; path = BeerIsGreatTests.swift; sourceTree = "<group>"; };
		D39842CB1BCC9F0F008D51A8 /* Info.plist */ = {isa = PBXFileReference; lastKnownFileType = text.plist.xml; path = Info.plist; sourceTree = "<group>"; };
		D39842D01BCC9F0F008D51A8 /* BeerIsGreatUITests.xctest */ = {isa = PBXFileReference; explicitFileType = wrapper.cfbundle; includeInIndex = 0; path = BeerIsGreatUITests.xctest; sourceTree = BUILT_PRODUCTS_DIR; };
		D39842D41BCC9F0F008D51A8 /* BeerIsGreatUITests.swift */ = {isa = PBXFileReference; lastKnownFileType = sourcecode.swift; path = BeerIsGreatUITests.swift; sourceTree = "<group>"; };
		D39842D61BCC9F0F008D51A8 /* Info.plist */ = {isa = PBXFileReference; lastKnownFileType = text.plist.xml; path = Info.plist; sourceTree = "<group>"; };
/* End PBXFileReference section */

/* Begin PBXFrameworksBuildPhase section */
		D39842AE1BCC9F0F008D51A8 /* Frameworks */ = {
			isa = PBXFrameworksBuildPhase;
			buildActionMask = 2147483647;
			files = (
			);
			runOnlyForDeploymentPostprocessing = 0;
		};
		D39842C21BCC9F0F008D51A8 /* Frameworks */ = {
			isa = PBXFrameworksBuildPhase;
			buildActionMask = 2147483647;
			files = (
			);
			runOnlyForDeploymentPostprocessing = 0;
		};
		D39842CD1BCC9F0F008D51A8 /* Frameworks */ = {
			isa = PBXFrameworksBuildPhase;
			buildActionMask = 2147483647;
			files = (
			);
			runOnlyForDeploymentPostprocessing = 0;
		};
/* End PBXFrameworksBuildPhase section */

/* Begin PBXGroup section */
		D39842A81BCC9F0F008D51A8 = {
			isa = PBXGroup;
			children = (
				D39842B31BCC9F0F008D51A8 /* BeerIsGreat */,
				D39842C81BCC9F0F008D51A8 /* BeerIsGreatTests */,
				D39842D31BCC9F0F008D51A8 /* BeerIsGreatUITests */,
				D39842B21BCC9F0F008D51A8 /* Products */,
			);
			sourceTree = "<group>";
		};
		D39842B21BCC9F0F008D51A8 /* Products */ = {
			isa = PBXGroup;
			children = (
				D39842B11BCC9F0F008D51A8 /* BeerIsGreat.app */,
				D39842C51BCC9F0F008D51A8 /* BeerIsGreatTests.xctest */,
				D39842D01BCC9F0F008D51A8 /* BeerIsGreatUITests.xctest */,
			);
			name = Products;
			sourceTree = "<group>";
		};
		D39842B31BCC9F0F008D51A8 /* BeerIsGreat */ = {
			isa = PBXGroup;
			children = (
				D39842B41BCC9F0F008D51A8 /* AppDelegate.swift */,
				D39842B61BCC9F0F008D51A8 /* ViewController.swift */,
				D39842B81BCC9F0F008D51A8 /* Main.storyboard */,
				D39842BB1BCC9F0F008D51A8 /* Assets.xcassets */,
				D39842BD1BCC9F0F008D51A8 /* LaunchScreen.storyboard */,
				D39842C01BCC9F0F008D51A8 /* Info.plist */,
			);
			path = BeerIsGreat;
			sourceTree = "<group>";
		};
		D39842C81BCC9F0F008D51A8 /* BeerIsGreatTests */ = {
			isa = PBXGroup;
			children = (
				D39842C91BCC9F0F008D51A8 /* BeerIsGreatTests.swift */,
				D39842CB1BCC9F0F008D51A8 /* Info.plist */,
			);
			path = BeerIsGreatTests;
			sourceTree = "<group>";
		};
		D39842D31BCC9F0F008D51A8 /* BeerIsGreatUITests */ = {
			isa = PBXGroup;
			children = (
				D39842D41BCC9F0F008D51A8 /* BeerIsGreatUITests.swift */,
				D39842D61BCC9F0F008D51A8 /* Info.plist */,
			);
			path = BeerIsGreatUITests;
			sourceTree = "<group>";
		};
/* End PBXGroup section */

/* Begin PBXNativeTarget section */
		D39842B01BCC9F0F008D51A8 /* BeerIsGreat */ = {
			isa = PBXNativeTarget;
			buildConfigurationList = D39842D91BCC9F0F008D51A8 /* Build configuration list for PBXNativeTarget "BeerIsGreat" */;
			buildPhases = (
				D39842AD1BCC9F0F008D51A8 /* Sources */,
				D39842AE1BCC9F0F008D51A8 /* Frameworks */,
				D39842AF1BCC9F0F008D51A8 /* Resources */,
			);
			buildRules = (
			);
			dependencies = (
			);
			name = BeerIsGreat;
			productName = BeerIsGreat;
			productReference = D39842B11BCC9F0F008D51A8 /* BeerIsGreat.app */;
			productType = "com.apple.product-type.application";
		};
		D39842C41BCC9F0F008D51A8 /* BeerIsGreatTests */ = {
			isa = PBXNativeTarget;
			buildConfigurationList = D39842DC1BCC9F0F008D51A8 /* Build configuration list for PBXNativeTarget "BeerIsGreatTests" */;
			buildPhases = (
				D39842C11BCC9F0F008D51A8 /* Sources */,
				D39842C21BCC9F0F008D51A8 /* Frameworks */,
				D39842C31BCC9F0F008D51A8 /* Resources */,
			);
			buildRules = (
			);
			dependencies = (
				D39842C71BCC9F0F008D51A8 /* PBXTargetDependency */,
			);
			name = BeerIsGreatTests;
			productName = BeerIsGreatTests;
			productReference = D39842C51BCC9F0F008D51A8 /* BeerIsGreatTests.xctest */;
			productType = "com.apple.product-type.bundle.unit-test";
		};
		D39842CF1BCC9F0F008D51A8 /* BeerIsGreatUITests */ = {
			isa = PBXNativeTarget;
			buildConfigurationList = D39842DF1BCC9F0F008D51A8 /* Build configuration list for PBXNativeTarget "BeerIsGreatUITests" */;
			buildPhases = (
				D39842CC1BCC9F0F008D51A8 /* Sources */,
				D39842CD1BCC9F0F008D51A8 /* Frameworks */,
				D39842CE1BCC9F0F008D51A8 /* Resources */,
			);
			buildRules = (
			);
			dependencies = (
				D39842D21BCC9F0F008D51A8 /* PBXTargetDependency */,
			);
			name = BeerIsGreatUITests;
			productName = BeerIsGreatUITests;
			productReference = D39842D01BCC9F0F008D51A8 /* BeerIsGreatUITests.xctest */;
			productType = "com.apple.product-type.bundle.ui-testing";
		};
/* End PBXNativeTarget section */

/* Begin PBXProject section */
		D39842A91BCC9F0F008D51A8 /* Project object */ = {
			isa = PBXProject;
			attributes = {
				LastUpgradeCheck = 0700;
				ORGANIZATIONNAME = "Brian Glowe";
				TargetAttributes = {
					D39842B01BCC9F0F008D51A8 = {
						CreatedOnToolsVersion = 7.0.1;
					};
					D39842C41BCC9F0F008D51A8 = {
						CreatedOnToolsVersion = 7.0.1;
						TestTargetID = D39842B01BCC9F0F008D51A8;
					};
					D39842CF1BCC9F0F008D51A8 = {
						CreatedOnToolsVersion = 7.0.1;
						TestTargetID = D39842B01BCC9F0F008D51A8;
					};
				};
			};
			buildConfigurationList = D39842AC1BCC9F0F008D51A8 /* Build configuration list for PBXProject "BeerIsGreat" */;
			compatibilityVersion = "Xcode 3.2";
			developmentRegion = English;
			hasScannedForEncodings = 0;
			knownRegions = (
				en,
				Base,
			);
			mainGroup = D39842A81BCC9F0F008D51A8;
			productRefGroup = D39842B21BCC9F0F008D51A8 /* Products */;
			projectDirPath = "";
			projectRoot = "";
			targets = (
				D39842B01BCC9F0F008D51A8 /* BeerIsGreat */,
				D39842C41BCC9F0F008D51A8 /* BeerIsGreatTests */,
				D39842CF1BCC9F0F008D51A8 /* BeerIsGreatUITests */,
			);
		};
/* End PBXProject section */

/* Begin PBXResourcesBuildPhase section */
		D39842AF1BCC9F0F008D51A8 /* Resources */ = {
			isa = PBXResourcesBuildPhase;
			buildActionMask = 2147483647;
			files = (
				D39842BF1BCC9F0F008D51A8 /* LaunchScreen.storyboard in Resources */,
				D39842BC1BCC9F0F008D51A8 /* Assets.xcassets in Resources */,
				D39842BA1BCC9F0F008D51A8 /* Main.storyboard in Resources */,
			);
			runOnlyForDeploymentPostprocessing = 0;
		};
		D39842C31BCC9F0F008D51A8 /* Resources */ = {
			isa = PBXResourcesBuildPhase;
			buildActionMask = 2147483647;
			files = (
			);
			runOnlyForDeploymentPostprocessing = 0;
		};
		D39842CE1BCC9F0F008D51A8 /* Resources */ = {
			isa = PBXResourcesBuildPhase;
			buildActionMask = 2147483647;
			files = (
			);
			runOnlyForDeploymentPostprocessing = 0;
		};
/* End PBXResourcesBuildPhase section */

/* Begin PBXSourcesBuildPhase section */
		D39842AD1BCC9F0F008D51A8 /* Sources */ = {
			isa = PBXSourcesBuildPhase;
			buildActionMask = 2147483647;
			files = (
				D39842B71BCC9F0F008D51A8 /* ViewController.swift in Sources */,
				D39842B51BCC9F0F008D51A8 /* AppDelegate.swift in Sources */,
			);
			runOnlyForDeploymentPostprocessing = 0;
		};
		D39842C11BCC9F0F008D51A8 /* Sources */ = {
			isa = PBXSourcesBuildPhase;
			buildActionMask = 2147483647;
			files = (
				D39842CA1BCC9F0F008D51A8 /* BeerIsGreatTests.swift in Sources */,
			);
			runOnlyForDeploymentPostprocessing = 0;
		};
		D39842CC1BCC9F0F008D51A8 /* Sources */ = {
			isa = PBXSourcesBuildPhase;
			buildActionMask = 2147483647;
			files = (
				D39842D51BCC9F0F008D51A8 /* BeerIsGreatUITests.swift in Sources */,
			);
			runOnlyForDeploymentPostprocessing = 0;
		};
/* End PBXSourcesBuildPhase section */

/* Begin PBXTargetDependency section */
		D39842C71BCC9F0F008D51A8 /* PBXTargetDependency */ = {
			isa = PBXTargetDependency;
			target = D39842B01BCC9F0F008D51A8 /* BeerIsGreat */;
			targetProxy = D39842C61BCC9F0F008D51A8 /* PBXContainerItemProxy */;
		};
		D39842D21BCC9F0F008D51A8 /* PBXTargetDependency */ = {
			isa = PBXTargetDependency;
			target = D39842B01BCC9F0F008D51A8 /* BeerIsGreat */;
			targetProxy = D39842D11BCC9F0F008D51A8 /* PBXContainerItemProxy */;
		};
/* End PBXTargetDependency section */

/* Begin PBXVariantGroup section */
		D39842B81BCC9F0F008D51A8 /* Main.storyboard */ = {
			isa = PBXVariantGroup;
			children = (
				D39842B91BCC9F0F008D51A8 /* Base */,
			);
			name = Main.storyboard;
			sourceTree = "<group>";
		};
		D39842BD1BCC9F0F008D51A8 /* LaunchScreen.storyboard */ = {
			isa = PBXVariantGroup;
			children = (
				D39842BE1BCC9F0F008D51A8 /* Base */,
			);
			name = LaunchScreen.storyboard;
			sourceTree = "<group>";
		};
/* End PBXVariantGroup section */

/* Begin XCBuildConfiguration section */
		D39842D71BCC9F0F008D51A8 /* Debug */ = {
			isa = XCBuildConfiguration;
			buildSettings = {
				ALWAYS_SEARCH_USER_PATHS = NO;
				CLANG_CXX_LANGUAGE_STANDARD = "gnu++0x";
				CLANG_CXX_LIBRARY = "libc++";
				CLANG_ENABLE_MODULES = YES;
				CLANG_ENABLE_OBJC_ARC = YES;
				CLANG_WARN_BOOL_CONVERSION = YES;
				CLANG_WARN_CONSTANT_CONVERSION = YES;
				CLANG_WARN_DIRECT_OBJC_ISA_USAGE = YES_ERROR;
				CLANG_WARN_EMPTY_BODY = YES;
				CLANG_WARN_ENUM_CONVERSION = YES;
				CLANG_WARN_INT_CONVERSION = YES;
				CLANG_WARN_OBJC_ROOT_CLASS = YES_ERROR;
				CLANG_WARN_UNREACHABLE_CODE = YES;
				CLANG_WARN__DUPLICATE_METHOD_MATCH = YES;
				"CODE_SIGN_IDENTITY[sdk=iphoneos*]" = "iPhone Developer";
				COPY_PHASE_STRIP = NO;
				DEBUG_INFORMATION_FORMAT = dwarf;
				ENABLE_STRICT_OBJC_MSGSEND = YES;
				ENABLE_TESTABILITY = YES;
				GCC_C_LANGUAGE_STANDARD = gnu99;
				GCC_DYNAMIC_NO_PIC = NO;
				GCC_NO_COMMON_BLOCKS = YES;
				GCC_OPTIMIZATION_LEVEL = 0;
				GCC_PREPROCESSOR_DEFINITIONS = (
					"DEBUG=1",
					"$(inherited)",
				);
				GCC_WARN_64_TO_32_BIT_CONVERSION = YES;
				GCC_WARN_ABOUT_RETURN_TYPE = YES_ERROR;
				GCC_WARN_UNDECLARED_SELECTOR = YES;
				GCC_WARN_UNINITIALIZED_AUTOS = YES_AGGRESSIVE;
				GCC_WARN_UNUSED_FUNCTION = YES;
				GCC_WARN_UNUSED_VARIABLE = YES;
				IPHONEOS_DEPLOYMENT_TARGET = 9.0;
				MTL_ENABLE_DEBUG_INFO = YES;
				ONLY_ACTIVE_ARCH = YES;
				SDKROOT = iphoneos;
				SWIFT_OPTIMIZATION_LEVEL = "-Onone";
			};
			name = Debug;
		};
		D39842D81BCC9F0F008D51A8 /* Release */ = {
			isa = XCBuildConfiguration;
			buildSettings = {
				ALWAYS_SEARCH_USER_PATHS = NO;
				CLANG_CXX_LANGUAGE_STANDARD = "gnu++0x";
				CLANG_CXX_LIBRARY = "libc++";
				CLANG_ENABLE_MODULES = YES;
				CLANG_ENABLE_OBJC_ARC = YES;
				CLANG_WARN_BOOL_CONVERSION = YES;
				CLANG_WARN_CONSTANT_CONVERSION = YES;
				CLANG_WARN_DIRECT_OBJC_ISA_USAGE = YES_ERROR;
				CLANG_WARN_EMPTY_BODY = YES;
				CLANG_WARN_ENUM_CONVERSION = YES;
				CLANG_WARN_INT_CONVERSION = YES;
				CLANG_WARN_OBJC_ROOT_CLASS = YES_ERROR;
				CLANG_WARN_UNREACHABLE_CODE = YES;
				CLANG_WARN__DUPLICATE_METHOD_MATCH = YES;
				"CODE_SIGN_IDENTITY[sdk=iphoneos*]" = "iPhone Developer";
				COPY_PHASE_STRIP = NO;
				DEBUG_INFORMATION_FORMAT = "dwarf-with-dsym";
				ENABLE_NS_ASSERTIONS = NO;
				ENABLE_STRICT_OBJC_MSGSEND = YES;
				GCC_C_LANGUAGE_STANDARD = gnu99;
				GCC_NO_COMMON_BLOCKS = YES;
				GCC_WARN_64_TO_32_BIT_CONVERSION = YES;
				GCC_WARN_ABOUT_RETURN_TYPE = YES_ERROR;
				GCC_WARN_UNDECLARED_SELECTOR = YES;
				GCC_WARN_UNINITIALIZED_AUTOS = YES_AGGRESSIVE;
				GCC_WARN_UNUSED_FUNCTION = YES;
				GCC_WARN_UNUSED_VARIABLE = YES;
				IPHONEOS_DEPLOYMENT_TARGET = 9.0;
				MTL_ENABLE_DEBUG_INFO = NO;
				SDKROOT = iphoneos;
				VALIDATE_PRODUCT = YES;
			};
			name = Release;
		};
		D39842DA1BCC9F0F008D51A8 /* Debug */ = {
			isa = XCBuildConfiguration;
			buildSettings = {
				ASSETCATALOG_COMPILER_APPICON_NAME = AppIcon;
				INFOPLIST_FILE = BeerIsGreat/Info.plist;
				LD_RUNPATH_SEARCH_PATHS = "$(inherited) @executable_path/Frameworks";
				PRODUCT_BUNDLE_IDENTIFIER = BG.BeerIsGreat;
				PRODUCT_NAME = "$(TARGET_NAME)";
			};
			name = Debug;
		};
		D39842DB1BCC9F0F008D51A8 /* Release */ = {
			isa = XCBuildConfiguration;
			buildSettings = {
				ASSETCATALOG_COMPILER_APPICON_NAME = AppIcon;
				INFOPLIST_FILE = BeerIsGreat/Info.plist;
				LD_RUNPATH_SEARCH_PATHS = "$(inherited) @executable_path/Frameworks";
				PRODUCT_BUNDLE_IDENTIFIER = BG.BeerIsGreat;
				PRODUCT_NAME = "$(TARGET_NAME)";
			};
			name = Release;
		};
		D39842DD1BCC9F0F008D51A8 /* Debug */ = {
			isa = XCBuildConfiguration;
			buildSettings = {
				BUNDLE_LOADER = "$(TEST_HOST)";
				INFOPLIST_FILE = BeerIsGreatTests/Info.plist;
				LD_RUNPATH_SEARCH_PATHS = "$(inherited) @executable_path/Frameworks @loader_path/Frameworks";
				PRODUCT_BUNDLE_IDENTIFIER = BG.BeerIsGreatTests;
				PRODUCT_NAME = "$(TARGET_NAME)";
				TEST_HOST = "$(BUILT_PRODUCTS_DIR)/BeerIsGreat.app/BeerIsGreat";
			};
			name = Debug;
		};
		D39842DE1BCC9F0F008D51A8 /* Release */ = {
			isa = XCBuildConfiguration;
			buildSettings = {
				BUNDLE_LOADER = "$(TEST_HOST)";
				INFOPLIST_FILE = BeerIsGreatTests/Info.plist;
				LD_RUNPATH_SEARCH_PATHS = "$(inherited) @executable_path/Frameworks @loader_path/Frameworks";
				PRODUCT_BUNDLE_IDENTIFIER = BG.BeerIsGreatTests;
				PRODUCT_NAME = "$(TARGET_NAME)";
				TEST_HOST = "$(BUILT_PRODUCTS_DIR)/BeerIsGreat.app/BeerIsGreat";
			};
			name = Release;
		};
		D39842E01BCC9F0F008D51A8 /* Debug */ = {
			isa = XCBuildConfiguration;
			buildSettings = {
				INFOPLIST_FILE = BeerIsGreatUITests/Info.plist;
				LD_RUNPATH_SEARCH_PATHS = "$(inherited) @executable_path/Frameworks @loader_path/Frameworks";
				PRODUCT_BUNDLE_IDENTIFIER = BG.BeerIsGreatUITests;
				PRODUCT_NAME = "$(TARGET_NAME)";
				TEST_TARGET_NAME = BeerIsGreat;
				USES_XCTRUNNER = YES;
			};
			name = Debug;
		};
		D39842E11BCC9F0F008D51A8 /* Release */ = {
			isa = XCBuildConfiguration;
			buildSettings = {
				INFOPLIST_FILE = BeerIsGreatUITests/Info.plist;
				LD_RUNPATH_SEARCH_PATHS = "$(inherited) @executable_path/Frameworks @loader_path/Frameworks";
				PRODUCT_BUNDLE_IDENTIFIER = BG.BeerIsGreatUITests;
				PRODUCT_NAME = "$(TARGET_NAME)";
				TEST_TARGET_NAME = BeerIsGreat;
				USES_XCTRUNNER = YES;
			};
			name = Release;
		};
/* End XCBuildConfiguration section */

/* Begin XCConfigurationList section */
		D39842AC1BCC9F0F008D51A8 /* Build configuration list for PBXProject "BeerIsGreat" */ = {
			isa = XCConfigurationList;
			buildConfigurations = (
				D39842D71BCC9F0F008D51A8 /* Debug */,
				D39842D81BCC9F0F008D51A8 /* Release */,
			);
			defaultConfigurationIsVisible = 0;
			defaultConfigurationName = Release;
		};
		D39842D91BCC9F0F008D51A8 /* Build configuration list for PBXNativeTarget "BeerIsGreat" */ = {
			isa = XCConfigurationList;
			buildConfigurations = (
				D39842DA1BCC9F0F008D51A8 /* Debug */,
				D39842DB1BCC9F0F008D51A8 /* Release */,
			);
			defaultConfigurationIsVisible = 0;
		};
		D39842DC1BCC9F0F008D51A8 /* Build configuration list for PBXNativeTarget "BeerIsGreatTests" */ = {
			isa = XCConfigurationList;
			buildConfigurations = (
				D39842DD1BCC9F0F008D51A8 /* Debug */,
				D39842DE1BCC9F0F008D51A8 /* Release */,
			);
			defaultConfigurationIsVisible = 0;
		};
		D39842DF1BCC9F0F008D51A8 /* Build configuration list for PBXNativeTarget "BeerIsGreatUITests" */ = {
			isa = XCConfigurationList;
			buildConfigurations = (
				D39842E01BCC9F0F008D51A8 /* Debug */,
				D39842E11BCC9F0F008D51A8 /* Release */,
			);
			defaultConfigurationIsVisible = 0;
		};
/* End XCConfigurationList section */
	};
	rootObject = D39842A91BCC9F0F008D51A8 /* Project object */;
}
